// !$*UTF8*$!
{
	archiveVersion = 1;
	classes = {
	};
	objectVersion = 55;
	objects = {

/* Begin PBXBuildFile section */
		5CA925B6274E39D70026F0A7 /* AppDelegate.swift in Sources */ = {isa = PBXBuildFile; fileRef = 5CA925B5274E39D70026F0A7 /* AppDelegate.swift */; };
		5CA925BA274E39D70026F0A7 /* ViewController.swift in Sources */ = {isa = PBXBuildFile; fileRef = 5CA925B9274E39D70026F0A7 /* ViewController.swift */; };
		5CA925BD274E39D70026F0A7 /* Main.storyboard in Resources */ = {isa = PBXBuildFile; fileRef = 5CA925BB274E39D70026F0A7 /* Main.storyboard */; };
		5CA925BF274E39DA0026F0A7 /* Assets.xcassets in Resources */ = {isa = PBXBuildFile; fileRef = 5CA925BE274E39DA0026F0A7 /* Assets.xcassets */; };
		5CA925C2274E39DA0026F0A7 /* LaunchScreen.storyboard in Resources */ = {isa = PBXBuildFile; fileRef = 5CA925C0274E39DA0026F0A7 /* LaunchScreen.storyboard */; };
		5CA925CF274E469F0026F0A7 /* ARPlacerTests.swift in Sources */ = {isa = PBXBuildFile; fileRef = 5CA925CE274E469F0026F0A7 /* ARPlacerTests.swift */; };
		5CA925D7274E4E280026F0A7 /* ARPlacerSessionDelegate.swift in Sources */ = {isa = PBXBuildFile; fileRef = 5CA925D6274E4E280026F0A7 /* ARPlacerSessionDelegate.swift */; };
		5CA925DA274E51590026F0A7 /* ARPlacerInformationPresenterTests.swift in Sources */ = {isa = PBXBuildFile; fileRef = 5CA925D9274E51590026F0A7 /* ARPlacerInformationPresenterTests.swift */; };
		5CA925DC274E51C80026F0A7 /* ARPlacerInformationPresenter.swift in Sources */ = {isa = PBXBuildFile; fileRef = 5CA925DB274E51C80026F0A7 /* ARPlacerInformationPresenter.swift */; };
		5CA925E0274E56C10026F0A7 /* InformationView.swift in Sources */ = {isa = PBXBuildFile; fileRef = 5CA925DF274E56C10026F0A7 /* InformationView.swift */; };
		5CA925E2274E5E0D0026F0A7 /* ErrorView.swift in Sources */ = {isa = PBXBuildFile; fileRef = 5CA925E1274E5E0D0026F0A7 /* ErrorView.swift */; };
		5CA925E4274F274E0026F0A7 /* RandomObjectCreatorTests.swift in Sources */ = {isa = PBXBuildFile; fileRef = 5CA925E3274F274E0026F0A7 /* RandomObjectCreatorTests.swift */; };
		5CA925E6274F2CD10026F0A7 /* RandomObjectCreator.swift in Sources */ = {isa = PBXBuildFile; fileRef = 5CA925E5274F2CD10026F0A7 /* RandomObjectCreator.swift */; };
		5CA925E9274F2F460026F0A7 /* RandomObject.swift in Sources */ = {isa = PBXBuildFile; fileRef = 5CA925E8274F2F460026F0A7 /* RandomObject.swift */; };
		5CA925F0274F9DDE0026F0A7 /* ARPlacerSceneViewControllerTests.swift in Sources */ = {isa = PBXBuildFile; fileRef = 5CA925EF274F9DDE0026F0A7 /* ARPlacerSceneViewControllerTests.swift */; };
		5CA925F3274FA3010026F0A7 /* ARPlacerSceneViewController.swift in Sources */ = {isa = PBXBuildFile; fileRef = 5CA925F2274FA3010026F0A7 /* ARPlacerSceneViewController.swift */; };
		5CA925F62750D9DA0026F0A7 /* ARSCNView+TestHelpers.swift in Sources */ = {isa = PBXBuildFile; fileRef = 5CA925F52750D9D90026F0A7 /* ARSCNView+TestHelpers.swift */; };
		5CA925F82751451E0026F0A7 /* ObjectPlacer.swift in Sources */ = {isa = PBXBuildFile; fileRef = 5CA925F72751451D0026F0A7 /* ObjectPlacer.swift */; };
/* End PBXBuildFile section */

/* Begin PBXContainerItemProxy section */
		5CA925D0274E469F0026F0A7 /* PBXContainerItemProxy */ = {
			isa = PBXContainerItemProxy;
			containerPortal = 5CA925AA274E39D70026F0A7 /* Project object */;
			proxyType = 1;
			remoteGlobalIDString = 5CA925B1274E39D70026F0A7;
			remoteInfo = ARPlacer;
		};
/* End PBXContainerItemProxy section */

/* Begin PBXFileReference section */
		5CA925B2274E39D70026F0A7 /* ARPlacer.app */ = {isa = PBXFileReference; explicitFileType = wrapper.application; includeInIndex = 0; path = ARPlacer.app; sourceTree = BUILT_PRODUCTS_DIR; };
		5CA925B5274E39D70026F0A7 /* AppDelegate.swift */ = {isa = PBXFileReference; lastKnownFileType = sourcecode.swift; path = AppDelegate.swift; sourceTree = "<group>"; };
		5CA925B9274E39D70026F0A7 /* ViewController.swift */ = {isa = PBXFileReference; lastKnownFileType = sourcecode.swift; path = ViewController.swift; sourceTree = "<group>"; };
		5CA925BC274E39D70026F0A7 /* Base */ = {isa = PBXFileReference; lastKnownFileType = file.storyboard; name = Base; path = Base.lproj/Main.storyboard; sourceTree = "<group>"; };
		5CA925BE274E39DA0026F0A7 /* Assets.xcassets */ = {isa = PBXFileReference; lastKnownFileType = folder.assetcatalog; path = Assets.xcassets; sourceTree = "<group>"; };
		5CA925C1274E39DA0026F0A7 /* Base */ = {isa = PBXFileReference; lastKnownFileType = file.storyboard; name = Base; path = Base.lproj/LaunchScreen.storyboard; sourceTree = "<group>"; };
		5CA925CC274E469F0026F0A7 /* ARPlacerTests.xctest */ = {isa = PBXFileReference; explicitFileType = wrapper.cfbundle; includeInIndex = 0; path = ARPlacerTests.xctest; sourceTree = BUILT_PRODUCTS_DIR; };
		5CA925CE274E469F0026F0A7 /* ARPlacerTests.swift */ = {isa = PBXFileReference; lastKnownFileType = sourcecode.swift; path = ARPlacerTests.swift; sourceTree = "<group>"; };
		5CA925D6274E4E280026F0A7 /* ARPlacerSessionDelegate.swift */ = {isa = PBXFileReference; lastKnownFileType = sourcecode.swift; path = ARPlacerSessionDelegate.swift; sourceTree = "<group>"; };
		5CA925D9274E51590026F0A7 /* ARPlacerInformationPresenterTests.swift */ = {isa = PBXFileReference; lastKnownFileType = sourcecode.swift; path = ARPlacerInformationPresenterTests.swift; sourceTree = "<group>"; };
		5CA925DB274E51C80026F0A7 /* ARPlacerInformationPresenter.swift */ = {isa = PBXFileReference; lastKnownFileType = sourcecode.swift; path = ARPlacerInformationPresenter.swift; sourceTree = "<group>"; };
		5CA925DF274E56C10026F0A7 /* InformationView.swift */ = {isa = PBXFileReference; lastKnownFileType = sourcecode.swift; path = InformationView.swift; sourceTree = "<group>"; };
		5CA925E1274E5E0D0026F0A7 /* ErrorView.swift */ = {isa = PBXFileReference; lastKnownFileType = sourcecode.swift; path = ErrorView.swift; sourceTree = "<group>"; };
		5CA925E3274F274E0026F0A7 /* RandomObjectCreatorTests.swift */ = {isa = PBXFileReference; lastKnownFileType = sourcecode.swift; path = RandomObjectCreatorTests.swift; sourceTree = "<group>"; };
		5CA925E5274F2CD10026F0A7 /* RandomObjectCreator.swift */ = {isa = PBXFileReference; lastKnownFileType = sourcecode.swift; path = RandomObjectCreator.swift; sourceTree = "<group>"; };
		5CA925E8274F2F460026F0A7 /* RandomObject.swift */ = {isa = PBXFileReference; lastKnownFileType = sourcecode.swift; path = RandomObject.swift; sourceTree = "<group>"; };
		5CA925EF274F9DDE0026F0A7 /* ARPlacerSceneViewControllerTests.swift */ = {isa = PBXFileReference; lastKnownFileType = sourcecode.swift; path = ARPlacerSceneViewControllerTests.swift; sourceTree = "<group>"; };
		5CA925F2274FA3010026F0A7 /* ARPlacerSceneViewController.swift */ = {isa = PBXFileReference; lastKnownFileType = sourcecode.swift; path = ARPlacerSceneViewController.swift; sourceTree = "<group>"; };
		5CA925F52750D9D90026F0A7 /* ARSCNView+TestHelpers.swift */ = {isa = PBXFileReference; lastKnownFileType = sourcecode.swift; path = "ARSCNView+TestHelpers.swift"; sourceTree = "<group>"; };
		5CA925F72751451D0026F0A7 /* ObjectPlacer.swift */ = {isa = PBXFileReference; lastKnownFileType = sourcecode.swift; path = ObjectPlacer.swift; sourceTree = "<group>"; };
/* End PBXFileReference section */

/* Begin PBXFrameworksBuildPhase section */
		5CA925AF274E39D70026F0A7 /* Frameworks */ = {
			isa = PBXFrameworksBuildPhase;
			buildActionMask = 2147483647;
			files = (
			);
			runOnlyForDeploymentPostprocessing = 0;
		};
		5CA925C9274E469F0026F0A7 /* Frameworks */ = {
			isa = PBXFrameworksBuildPhase;
			buildActionMask = 2147483647;
			files = (
			);
			runOnlyForDeploymentPostprocessing = 0;
		};
/* End PBXFrameworksBuildPhase section */

/* Begin PBXGroup section */
		5CA925A9274E39D70026F0A7 = {
			isa = PBXGroup;
			children = (
				5CA925B4274E39D70026F0A7 /* ARPlacer */,
				5CA925CD274E469F0026F0A7 /* ARPlacerTests */,
				5CA925B3274E39D70026F0A7 /* Products */,
			);
			sourceTree = "<group>";
		};
		5CA925B3274E39D70026F0A7 /* Products */ = {
			isa = PBXGroup;
			children = (
				5CA925B2274E39D70026F0A7 /* ARPlacer.app */,
				5CA925CC274E469F0026F0A7 /* ARPlacerTests.xctest */,
			);
			name = Products;
			sourceTree = "<group>";
		};
		5CA925B4274E39D70026F0A7 /* ARPlacer */ = {
			isa = PBXGroup;
			children = (
				5CA925B5274E39D70026F0A7 /* AppDelegate.swift */,
				5CA925B9274E39D70026F0A7 /* ViewController.swift */,
				5CA925BB274E39D70026F0A7 /* Main.storyboard */,
				5CA925BE274E39DA0026F0A7 /* Assets.xcassets */,
				5CA925C0274E39DA0026F0A7 /* LaunchScreen.storyboard */,
				5CA925D8274E4F950026F0A7 /* Core */,
				5CA925F1274FA2EA0026F0A7 /* UI */,
			);
			path = ARPlacer;
			sourceTree = "<group>";
		};
		5CA925CD274E469F0026F0A7 /* ARPlacerTests */ = {
			isa = PBXGroup;
			children = (
				5CA925F42750D9B90026F0A7 /* Helpers */,
				5CA925CE274E469F0026F0A7 /* ARPlacerTests.swift */,
				5CA925D9274E51590026F0A7 /* ARPlacerInformationPresenterTests.swift */,
				5CA925E3274F274E0026F0A7 /* RandomObjectCreatorTests.swift */,
				5CA925EF274F9DDE0026F0A7 /* ARPlacerSceneViewControllerTests.swift */,
			);
			path = ARPlacerTests;
			sourceTree = "<group>";
		};
		5CA925D8274E4F950026F0A7 /* Core */ = {
			isa = PBXGroup;
			children = (
				5CA925D6274E4E280026F0A7 /* ARPlacerSessionDelegate.swift */,
				5CA925DD274E54220026F0A7 /* Presentation */,
				5CA925E7274F2F1F0026F0A7 /* RandomObjectCreator */,
			);
			path = Core;
			sourceTree = "<group>";
		};
		5CA925DD274E54220026F0A7 /* Presentation */ = {
			isa = PBXGroup;
			children = (
				5CA925DE274E56A00026F0A7 /* PresentableViews */,
				5CA925DB274E51C80026F0A7 /* ARPlacerInformationPresenter.swift */,
			);
			path = Presentation;
			sourceTree = "<group>";
		};
		5CA925DE274E56A00026F0A7 /* PresentableViews */ = {
			isa = PBXGroup;
			children = (
				5CA925DF274E56C10026F0A7 /* InformationView.swift */,
				5CA925E1274E5E0D0026F0A7 /* ErrorView.swift */,
			);
			path = PresentableViews;
			sourceTree = "<group>";
		};
		5CA925E7274F2F1F0026F0A7 /* RandomObjectCreator */ = {
			isa = PBXGroup;
			children = (
				5CA925E5274F2CD10026F0A7 /* RandomObjectCreator.swift */,
				5CA925E8274F2F460026F0A7 /* RandomObject.swift */,
			);
			path = RandomObjectCreator;
			sourceTree = "<group>";
		};
		5CA925F1274FA2EA0026F0A7 /* UI */ = {
			isa = PBXGroup;
			children = (
				5CA925F9275145780026F0A7 /* ObjectPlacer */,
				5CA925F2274FA3010026F0A7 /* ARPlacerSceneViewController.swift */,
			);
			path = UI;
			sourceTree = "<group>";
		};
		5CA925F42750D9B90026F0A7 /* Helpers */ = {
			isa = PBXGroup;
			children = (
				5CA925F52750D9D90026F0A7 /* ARSCNView+TestHelpers.swift */,
			);
			path = Helpers;
			sourceTree = "<group>";
		};
		5CA925F9275145780026F0A7 /* ObjectPlacer */ = {
			isa = PBXGroup;
			children = (
				5CA925F72751451D0026F0A7 /* ObjectPlacer.swift */,
			);
			path = ObjectPlacer;
			sourceTree = "<group>";
		};
/* End PBXGroup section */

/* Begin PBXNativeTarget section */
		5CA925B1274E39D70026F0A7 /* ARPlacer */ = {
			isa = PBXNativeTarget;
			buildConfigurationList = 5CA925C5274E39DA0026F0A7 /* Build configuration list for PBXNativeTarget "ARPlacer" */;
			buildPhases = (
				5CA925AE274E39D70026F0A7 /* Sources */,
				5CA925AF274E39D70026F0A7 /* Frameworks */,
				5CA925B0274E39D70026F0A7 /* Resources */,
			);
			buildRules = (
			);
			dependencies = (
			);
			name = ARPlacer;
			productName = ARPlacer;
			productReference = 5CA925B2274E39D70026F0A7 /* ARPlacer.app */;
			productType = "com.apple.product-type.application";
		};
		5CA925CB274E469F0026F0A7 /* ARPlacerTests */ = {
			isa = PBXNativeTarget;
			buildConfigurationList = 5CA925D2274E469F0026F0A7 /* Build configuration list for PBXNativeTarget "ARPlacerTests" */;
			buildPhases = (
				5CA925C8274E469F0026F0A7 /* Sources */,
				5CA925C9274E469F0026F0A7 /* Frameworks */,
				5CA925CA274E469F0026F0A7 /* Resources */,
			);
			buildRules = (
			);
			dependencies = (
				5CA925D1274E469F0026F0A7 /* PBXTargetDependency */,
			);
			name = ARPlacerTests;
			productName = ARPlacerTests;
			productReference = 5CA925CC274E469F0026F0A7 /* ARPlacerTests.xctest */;
			productType = "com.apple.product-type.bundle.unit-test";
		};
/* End PBXNativeTarget section */

/* Begin PBXProject section */
		5CA925AA274E39D70026F0A7 /* Project object */ = {
			isa = PBXProject;
			attributes = {
				BuildIndependentTargetsInParallel = 1;
				LastSwiftUpdateCheck = 1300;
				LastUpgradeCheck = 1300;
				TargetAttributes = {
					5CA925B1274E39D70026F0A7 = {
						CreatedOnToolsVersion = 13.0;
					};
					5CA925CB274E469F0026F0A7 = {
						CreatedOnToolsVersion = 13.0;
						TestTargetID = 5CA925B1274E39D70026F0A7;
					};
				};
			};
			buildConfigurationList = 5CA925AD274E39D70026F0A7 /* Build configuration list for PBXProject "ARPlacer" */;
			compatibilityVersion = "Xcode 13.0";
			developmentRegion = en;
			hasScannedForEncodings = 0;
			knownRegions = (
				en,
				Base,
			);
			mainGroup = 5CA925A9274E39D70026F0A7;
			productRefGroup = 5CA925B3274E39D70026F0A7 /* Products */;
			projectDirPath = "";
			projectRoot = "";
			targets = (
				5CA925B1274E39D70026F0A7 /* ARPlacer */,
				5CA925CB274E469F0026F0A7 /* ARPlacerTests */,
			);
		};
/* End PBXProject section */

/* Begin PBXResourcesBuildPhase section */
		5CA925B0274E39D70026F0A7 /* Resources */ = {
			isa = PBXResourcesBuildPhase;
			buildActionMask = 2147483647;
			files = (
				5CA925C2274E39DA0026F0A7 /* LaunchScreen.storyboard in Resources */,
				5CA925BF274E39DA0026F0A7 /* Assets.xcassets in Resources */,
				5CA925BD274E39D70026F0A7 /* Main.storyboard in Resources */,
			);
			runOnlyForDeploymentPostprocessing = 0;
		};
		5CA925CA274E469F0026F0A7 /* Resources */ = {
			isa = PBXResourcesBuildPhase;
			buildActionMask = 2147483647;
			files = (
			);
			runOnlyForDeploymentPostprocessing = 0;
		};
/* End PBXResourcesBuildPhase section */

/* Begin PBXSourcesBuildPhase section */
		5CA925AE274E39D70026F0A7 /* Sources */ = {
			isa = PBXSourcesBuildPhase;
			buildActionMask = 2147483647;
			files = (
				5CA925E0274E56C10026F0A7 /* InformationView.swift in Sources */,
				5CA925E2274E5E0D0026F0A7 /* ErrorView.swift in Sources */,
				5CA925F3274FA3010026F0A7 /* ARPlacerSceneViewController.swift in Sources */,
				5CA925F82751451E0026F0A7 /* ObjectPlacer.swift in Sources */,
				5CA925BA274E39D70026F0A7 /* ViewController.swift in Sources */,
				5CA925DC274E51C80026F0A7 /* ARPlacerInformationPresenter.swift in Sources */,
				5CA925E6274F2CD10026F0A7 /* RandomObjectCreator.swift in Sources */,
				5CA925E9274F2F460026F0A7 /* RandomObject.swift in Sources */,
				5CA925B6274E39D70026F0A7 /* AppDelegate.swift in Sources */,
				5CA925D7274E4E280026F0A7 /* ARPlacerSessionDelegate.swift in Sources */,
			);
			runOnlyForDeploymentPostprocessing = 0;
		};
		5CA925C8274E469F0026F0A7 /* Sources */ = {
			isa = PBXSourcesBuildPhase;
			buildActionMask = 2147483647;
			files = (
				5CA925CF274E469F0026F0A7 /* ARPlacerTests.swift in Sources */,
				5CA925F62750D9DA0026F0A7 /* ARSCNView+TestHelpers.swift in Sources */,
				5CA925F0274F9DDE0026F0A7 /* ARPlacerSceneViewControllerTests.swift in Sources */,
				5CA925DA274E51590026F0A7 /* ARPlacerInformationPresenterTests.swift in Sources */,
				5CA925E4274F274E0026F0A7 /* RandomObjectCreatorTests.swift in Sources */,
			);
			runOnlyForDeploymentPostprocessing = 0;
		};
/* End PBXSourcesBuildPhase section */

/* Begin PBXTargetDependency section */
		5CA925D1274E469F0026F0A7 /* PBXTargetDependency */ = {
			isa = PBXTargetDependency;
			target = 5CA925B1274E39D70026F0A7 /* ARPlacer */;
			targetProxy = 5CA925D0274E469F0026F0A7 /* PBXContainerItemProxy */;
		};
/* End PBXTargetDependency section */

/* Begin PBXVariantGroup section */
		5CA925BB274E39D70026F0A7 /* Main.storyboard */ = {
			isa = PBXVariantGroup;
			children = (
				5CA925BC274E39D70026F0A7 /* Base */,
			);
			name = Main.storyboard;
			sourceTree = "<group>";
		};
		5CA925C0274E39DA0026F0A7 /* LaunchScreen.storyboard */ = {
			isa = PBXVariantGroup;
			children = (
				5CA925C1274E39DA0026F0A7 /* Base */,
			);
			name = LaunchScreen.storyboard;
			sourceTree = "<group>";
		};
/* End PBXVariantGroup section */

/* Begin XCBuildConfiguration section */
		5CA925C3274E39DA0026F0A7 /* Debug */ = {
			isa = XCBuildConfiguration;
			buildSettings = {
				ALWAYS_SEARCH_USER_PATHS = NO;
				CLANG_ANALYZER_NONNULL = YES;
				CLANG_ANALYZER_NUMBER_OBJECT_CONVERSION = YES_AGGRESSIVE;
				CLANG_CXX_LANGUAGE_STANDARD = "gnu++17";
				CLANG_CXX_LIBRARY = "libc++";
				CLANG_ENABLE_MODULES = YES;
				CLANG_ENABLE_OBJC_ARC = YES;
				CLANG_ENABLE_OBJC_WEAK = YES;
				CLANG_WARN_BLOCK_CAPTURE_AUTORELEASING = YES;
				CLANG_WARN_BOOL_CONVERSION = YES;
				CLANG_WARN_COMMA = YES;
				CLANG_WARN_CONSTANT_CONVERSION = YES;
				CLANG_WARN_DEPRECATED_OBJC_IMPLEMENTATIONS = YES;
				CLANG_WARN_DIRECT_OBJC_ISA_USAGE = YES_ERROR;
				CLANG_WARN_DOCUMENTATION_COMMENTS = YES;
				CLANG_WARN_EMPTY_BODY = YES;
				CLANG_WARN_ENUM_CONVERSION = YES;
				CLANG_WARN_INFINITE_RECURSION = YES;
				CLANG_WARN_INT_CONVERSION = YES;
				CLANG_WARN_NON_LITERAL_NULL_CONVERSION = YES;
				CLANG_WARN_OBJC_IMPLICIT_RETAIN_SELF = YES;
				CLANG_WARN_OBJC_LITERAL_CONVERSION = YES;
				CLANG_WARN_OBJC_ROOT_CLASS = YES_ERROR;
				CLANG_WARN_QUOTED_INCLUDE_IN_FRAMEWORK_HEADER = YES;
				CLANG_WARN_RANGE_LOOP_ANALYSIS = YES;
				CLANG_WARN_STRICT_PROTOTYPES = YES;
				CLANG_WARN_SUSPICIOUS_MOVE = YES;
				CLANG_WARN_UNGUARDED_AVAILABILITY = YES_AGGRESSIVE;
				CLANG_WARN_UNREACHABLE_CODE = YES;
				CLANG_WARN__DUPLICATE_METHOD_MATCH = YES;
				COPY_PHASE_STRIP = NO;
				DEBUG_INFORMATION_FORMAT = dwarf;
				ENABLE_STRICT_OBJC_MSGSEND = YES;
				ENABLE_TESTABILITY = YES;
				GCC_C_LANGUAGE_STANDARD = gnu11;
				GCC_DYNAMIC_NO_PIC = NO;
				GCC_NO_COMMON_BLOCKS = YES;
				GCC_OPTIMIZATION_LEVEL = 0;
				GCC_PREPROCESSOR_DEFINITIONS = (
					"DEBUG=1",
					"$(inherited)",
				);
				GCC_WARN_64_TO_32_BIT_CONVERSION = YES;
				GCC_WARN_ABOUT_RETURN_TYPE = YES_ERROR;
				GCC_WARN_UNDECLARED_SELECTOR = YES;
				GCC_WARN_UNINITIALIZED_AUTOS = YES_AGGRESSIVE;
				GCC_WARN_UNUSED_FUNCTION = YES;
				GCC_WARN_UNUSED_VARIABLE = YES;
				IPHONEOS_DEPLOYMENT_TARGET = 15.0;
				MTL_ENABLE_DEBUG_INFO = INCLUDE_SOURCE;
				MTL_FAST_MATH = YES;
				ONLY_ACTIVE_ARCH = YES;
				SDKROOT = iphoneos;
				SWIFT_ACTIVE_COMPILATION_CONDITIONS = DEBUG;
				SWIFT_OPTIMIZATION_LEVEL = "-Onone";
			};
			name = Debug;
		};
		5CA925C4274E39DA0026F0A7 /* Release */ = {
			isa = XCBuildConfiguration;
			buildSettings = {
				ALWAYS_SEARCH_USER_PATHS = NO;
				CLANG_ANALYZER_NONNULL = YES;
				CLANG_ANALYZER_NUMBER_OBJECT_CONVERSION = YES_AGGRESSIVE;
				CLANG_CXX_LANGUAGE_STANDARD = "gnu++17";
				CLANG_CXX_LIBRARY = "libc++";
				CLANG_ENABLE_MODULES = YES;
				CLANG_ENABLE_OBJC_ARC = YES;
				CLANG_ENABLE_OBJC_WEAK = YES;
				CLANG_WARN_BLOCK_CAPTURE_AUTORELEASING = YES;
				CLANG_WARN_BOOL_CONVERSION = YES;
				CLANG_WARN_COMMA = YES;
				CLANG_WARN_CONSTANT_CONVERSION = YES;
				CLANG_WARN_DEPRECATED_OBJC_IMPLEMENTATIONS = YES;
				CLANG_WARN_DIRECT_OBJC_ISA_USAGE = YES_ERROR;
				CLANG_WARN_DOCUMENTATION_COMMENTS = YES;
				CLANG_WARN_EMPTY_BODY = YES;
				CLANG_WARN_ENUM_CONVERSION = YES;
				CLANG_WARN_INFINITE_RECURSION = YES;
				CLANG_WARN_INT_CONVERSION = YES;
				CLANG_WARN_NON_LITERAL_NULL_CONVERSION = YES;
				CLANG_WARN_OBJC_IMPLICIT_RETAIN_SELF = YES;
				CLANG_WARN_OBJC_LITERAL_CONVERSION = YES;
				CLANG_WARN_OBJC_ROOT_CLASS = YES_ERROR;
				CLANG_WARN_QUOTED_INCLUDE_IN_FRAMEWORK_HEADER = YES;
				CLANG_WARN_RANGE_LOOP_ANALYSIS = YES;
				CLANG_WARN_STRICT_PROTOTYPES = YES;
				CLANG_WARN_SUSPICIOUS_MOVE = YES;
				CLANG_WARN_UNGUARDED_AVAILABILITY = YES_AGGRESSIVE;
				CLANG_WARN_UNREACHABLE_CODE = YES;
				CLANG_WARN__DUPLICATE_METHOD_MATCH = YES;
				COPY_PHASE_STRIP = NO;
				DEBUG_INFORMATION_FORMAT = "dwarf-with-dsym";
				ENABLE_NS_ASSERTIONS = NO;
				ENABLE_STRICT_OBJC_MSGSEND = YES;
				GCC_C_LANGUAGE_STANDARD = gnu11;
				GCC_NO_COMMON_BLOCKS = YES;
				GCC_WARN_64_TO_32_BIT_CONVERSION = YES;
				GCC_WARN_ABOUT_RETURN_TYPE = YES_ERROR;
				GCC_WARN_UNDECLARED_SELECTOR = YES;
				GCC_WARN_UNINITIALIZED_AUTOS = YES_AGGRESSIVE;
				GCC_WARN_UNUSED_FUNCTION = YES;
				GCC_WARN_UNUSED_VARIABLE = YES;
				IPHONEOS_DEPLOYMENT_TARGET = 15.0;
				MTL_ENABLE_DEBUG_INFO = NO;
				MTL_FAST_MATH = YES;
				SDKROOT = iphoneos;
				SWIFT_COMPILATION_MODE = wholemodule;
				SWIFT_OPTIMIZATION_LEVEL = "-O";
				VALIDATE_PRODUCT = YES;
			};
			name = Release;
		};
		5CA925C6274E39DA0026F0A7 /* Debug */ = {
			isa = XCBuildConfiguration;
			buildSettings = {
				ASSETCATALOG_COMPILER_APPICON_NAME = AppIcon;
				ASSETCATALOG_COMPILER_GLOBAL_ACCENT_COLOR_NAME = AccentColor;
				CODE_SIGN_STYLE = Automatic;
				CURRENT_PROJECT_VERSION = 1;
				DEVELOPMENT_TEAM = 95T69XHSY5;
				GENERATE_INFOPLIST_FILE = YES;
				INFOPLIST_KEY_NSCameraUsageDescription = "";
				INFOPLIST_KEY_UIApplicationSupportsIndirectInputEvents = YES;
				INFOPLIST_KEY_UILaunchStoryboardName = LaunchScreen;
				INFOPLIST_KEY_UIMainStoryboardFile = Main;
				INFOPLIST_KEY_UIRequiredDeviceCapabilities = arkit;
				INFOPLIST_KEY_UIStatusBarHidden = YES;
				INFOPLIST_KEY_UISupportedInterfaceOrientations_iPad = "UIInterfaceOrientationPortrait UIInterfaceOrientationPortraitUpsideDown UIInterfaceOrientationLandscapeLeft UIInterfaceOrientationLandscapeRight";
				INFOPLIST_KEY_UISupportedInterfaceOrientations_iPhone = "UIInterfaceOrientationPortrait UIInterfaceOrientationLandscapeLeft UIInterfaceOrientationLandscapeRight";
				LD_RUNPATH_SEARCH_PATHS = (
					"$(inherited)",
					"@executable_path/Frameworks",
				);
				MARKETING_VERSION = 1.0;
				PRODUCT_BUNDLE_IDENTIFIER = com.alok.ARPlacer;
				PRODUCT_NAME = "$(TARGET_NAME)";
				SWIFT_EMIT_LOC_STRINGS = YES;
				SWIFT_VERSION = 5.0;
				TARGETED_DEVICE_FAMILY = "1,2";
			};
			name = Debug;
		};
		5CA925C7274E39DA0026F0A7 /* Release */ = {
			isa = XCBuildConfiguration;
			buildSettings = {
				ASSETCATALOG_COMPILER_APPICON_NAME = AppIcon;
				ASSETCATALOG_COMPILER_GLOBAL_ACCENT_COLOR_NAME = AccentColor;
				CODE_SIGN_STYLE = Automatic;
				CURRENT_PROJECT_VERSION = 1;
				DEVELOPMENT_TEAM = 95T69XHSY5;
				GENERATE_INFOPLIST_FILE = YES;
				INFOPLIST_KEY_NSCameraUsageDescription = "";
				INFOPLIST_KEY_UIApplicationSupportsIndirectInputEvents = YES;
				INFOPLIST_KEY_UILaunchStoryboardName = LaunchScreen;
				INFOPLIST_KEY_UIMainStoryboardFile = Main;
				INFOPLIST_KEY_UIRequiredDeviceCapabilities = arkit;
				INFOPLIST_KEY_UIStatusBarHidden = YES;
				INFOPLIST_KEY_UISupportedInterfaceOrientations_iPad = "UIInterfaceOrientationPortrait UIInterfaceOrientationPortraitUpsideDown UIInterfaceOrientationLandscapeLeft UIInterfaceOrientationLandscapeRight";
				INFOPLIST_KEY_UISupportedInterfaceOrientations_iPhone = "UIInterfaceOrientationPortrait UIInterfaceOrientationLandscapeLeft UIInterfaceOrientationLandscapeRight";
				LD_RUNPATH_SEARCH_PATHS = (
					"$(inherited)",
					"@executable_path/Frameworks",
				);
				MARKETING_VERSION = 1.0;
				PRODUCT_BUNDLE_IDENTIFIER = com.alok.ARPlacer;
				PRODUCT_NAME = "$(TARGET_NAME)";
				SWIFT_EMIT_LOC_STRINGS = YES;
				SWIFT_VERSION = 5.0;
				TARGETED_DEVICE_FAMILY = "1,2";
			};
			name = Release;
		};
		5CA925D3274E469F0026F0A7 /* Debug */ = {
			isa = XCBuildConfiguration;
			buildSettings = {
				BUNDLE_LOADER = "$(TEST_HOST)";
				CODE_SIGN_STYLE = Automatic;
				CURRENT_PROJECT_VERSION = 1;
				DEVELOPMENT_TEAM = 95T69XHSY5;
				GENERATE_INFOPLIST_FILE = YES;
				LD_RUNPATH_SEARCH_PATHS = (
					"$(inherited)",
					"@executable_path/Frameworks",
					"@loader_path/Frameworks",
				);
				MARKETING_VERSION = 1.0;
				PRODUCT_BUNDLE_IDENTIFIER = com.alok.ARPlacerTests;
				PRODUCT_NAME = "$(TARGET_NAME)";
				SWIFT_EMIT_LOC_STRINGS = NO;
				SWIFT_VERSION = 5.0;
				TARGETED_DEVICE_FAMILY = "1,2";
				TEST_HOST = "$(BUILT_PRODUCTS_DIR)/ARPlacer.app/ARPlacer";
			};
			name = Debug;
		};
		5CA925D4274E469F0026F0A7 /* Release */ = {
			isa = XCBuildConfiguration;
			buildSettings = {
				BUNDLE_LOADER = "$(TEST_HOST)";
				CODE_SIGN_STYLE = Automatic;
				CURRENT_PROJECT_VERSION = 1;
				DEVELOPMENT_TEAM = 95T69XHSY5;
				GENERATE_INFOPLIST_FILE = YES;
				LD_RUNPATH_SEARCH_PATHS = (
					"$(inherited)",
					"@executable_path/Frameworks",
					"@loader_path/Frameworks",
				);
				MARKETING_VERSION = 1.0;
				PRODUCT_BUNDLE_IDENTIFIER = com.alok.ARPlacerTests;
				PRODUCT_NAME = "$(TARGET_NAME)";
				SWIFT_EMIT_LOC_STRINGS = NO;
				SWIFT_VERSION = 5.0;
				TARGETED_DEVICE_FAMILY = "1,2";
				TEST_HOST = "$(BUILT_PRODUCTS_DIR)/ARPlacer.app/ARPlacer";
			};
			name = Release;
		};
/* End XCBuildConfiguration section */

/* Begin XCConfigurationList section */
		5CA925AD274E39D70026F0A7 /* Build configuration list for PBXProject "ARPlacer" */ = {
			isa = XCConfigurationList;
			buildConfigurations = (
				5CA925C3274E39DA0026F0A7 /* Debug */,
				5CA925C4274E39DA0026F0A7 /* Release */,
			);
			defaultConfigurationIsVisible = 0;
			defaultConfigurationName = Release;
		};
		5CA925C5274E39DA0026F0A7 /* Build configuration list for PBXNativeTarget "ARPlacer" */ = {
			isa = XCConfigurationList;
			buildConfigurations = (
				5CA925C6274E39DA0026F0A7 /* Debug */,
				5CA925C7274E39DA0026F0A7 /* Release */,
			);
			defaultConfigurationIsVisible = 0;
			defaultConfigurationName = Release;
		};
		5CA925D2274E469F0026F0A7 /* Build configuration list for PBXNativeTarget "ARPlacerTests" */ = {
			isa = XCConfigurationList;
			buildConfigurations = (
				5CA925D3274E469F0026F0A7 /* Debug */,
				5CA925D4274E469F0026F0A7 /* Release */,
			);
			defaultConfigurationIsVisible = 0;
			defaultConfigurationName = Release;
		};
/* End XCConfigurationList section */
	};
	rootObject = 5CA925AA274E39D70026F0A7 /* Project object */;
}
